github.com/capcom6/go-helpers v0.2.0 h1:OUcUnVbjBiwaTzvyaxkxqRKtrOXv1ifYalQ1NXzFBNM=
github.com/capcom6/go-helpers v0.2.0/go.mod h1:WDqc7HZNqHxUTisArkYIBZtqUfJBVyPWeQI+FMwEzAw=
github.com/go-resty/resty/v2 v2.16.2 h1:CpRqTjIzq/rweXUt9+GxzzQdlkqMdt8Lm/fuK/CAbAg=
github.com/go-resty/resty/v2 v2.16.2/go.mod h1:0fHAoK7JoBy/Ch36N8VFeMsK7xQOHhvWaC3iOktwmIU=
golang.org/x/net v0.39.0 h1:ZCu7HMWDxpXpaiKdhzIfaltL9Lp31x/3fCP11bc6/fY=
golang.org/x/net v0.39.0/go.mod h1:X7NRbYVEA+ewNkCNyJ513WmMdQ3BineSwVtN2zD/d+E=
golang.org/x/time v0.6.0 h1:eTDhh4ZXt5Qf0augr54TN6suAUudPcawVZeIAPU7D4U=
golang.org/x/time v0.6.0/go.mod h1:3BpzKBy/shNhVucY/MWOyx10tF3SFh9QdLuxbVysPQM=
